{
  "version": 4,
  "terraform_version": "1.5.7",
  "serial": 14,
  "lineage": "b54aa1f4-493e-c01f-8d3b-538a8cff8e31",
  "outputs": {},
  "resources": [
    {
      "mode": "managed",
      "type": "google_cloud_run_service",
      "name": "my_service",
      "provider": "provider[\"registry.terraform.io/hashicorp/google\"]",
      "instances": [
        {
          "schema_version": 1,
          "attributes": {
            "autogenerate_revision_name": true,
            "id": "locations/us-central1/namespaces/deft-stratum-447710-h0/services/my-cloud-run-service",
            "location": "us-central1",
            "metadata": [
              {
                "annotations": {
                  "run.googleapis.com/ingress": "all",
                  "run.googleapis.com/ingress-status": "all",
                  "run.googleapis.com/operation-id": "acf70ca0-b00e-462f-98f4-130abd6686bc",
                  "run.googleapis.com/urls": "[\"https://my-cloud-run-service-480466975.us-central1.run.app\",\"https://my-cloud-run-service-p3h5w3qn5q-uc.a.run.app\"]",
                  "serving.knative.dev/creator": "480466975-compute@developer.gserviceaccount.com",
                  "serving.knative.dev/lastModifier": "480466975-compute@developer.gserviceaccount.com"
                },
                "generation": 1,
                "labels": {
                  "cloud.googleapis.com/location": "us-central1"
                },
                "namespace": "deft-stratum-447710-h0",
                "resource_version": "AAYrlZif4UQ",
                "self_link": "/apis/serving.knative.dev/v1/namespaces/480466975/services/my-cloud-run-service",
                "uid": "f587f6ce-d604-4b70-ba22-2610399edb4a"
              }
            ],
            "name": "my-cloud-run-service",
            "project": "deft-stratum-447710-h0",
            "status": [
              {
                "conditions": [
                  {
                    "message": "",
                    "reason": "",
                    "status": "True",
                    "type": "Ready"
                  },
                  {
                    "message": "",
                    "reason": "",
                    "status": "True",
                    "type": "ConfigurationsReady"
                  },
                  {
                    "message": "",
                    "reason": "",
                    "status": "True",
                    "type": "RoutesReady"
                  }
                ],
                "latest_created_revision_name": "my-cloud-run-service-00001-qbf",
                "latest_ready_revision_name": "my-cloud-run-service-00001-qbf",
                "observed_generation": 1,
                "traffic": [
                  {
                    "latest_revision": true,
                    "percent": 100,
                    "revision_name": "my-cloud-run-service-00001-qbf",
                    "tag": "",
                    "url": ""
                  }
                ],
                "url": "https://my-cloud-run-service-p3h5w3qn5q-uc.a.run.app"
              }
            ],
            "template": [
              {
                "metadata": [
                  {
                    "annotations": {
                      "autoscaling.knative.dev/maxScale": "3"
                    },
                    "generation": 0,
                    "labels": {
                      "run.googleapis.com/startupProbeType": "Default"
                    },
                    "name": "",
                    "namespace": "",
                    "resource_version": "",
                    "self_link": "",
                    "uid": ""
                  }
                ],
                "spec": [
                  {
                    "container_concurrency": 80,
                    "containers": [
                      {
                        "args": null,
                        "command": null,
                        "env": [
                          {
                            "name": "DB_HOST",
                            "value": "deft-stratum-447710-h0:us-central1:my-postgres-db",
                            "value_from": []
                          },
                          {
                            "name": "DB_PASS",
                            "value": "mypassword",
                            "value_from": []
                          },
                          {
                            "name": "DB_USER",
                            "value": "postgres",
                            "value_from": []
                          }
                        ],
                        "env_from": [],
                        "image": "us-docker.pkg.dev/cloudrun/container/hello",
                        "liveness_probe": [],
                        "name": "",
                        "ports": [
                          {
                            "container_port": 8080,
                            "name": "http1",
                            "protocol": ""
                          }
                        ],
                        "resources": [
                          {
                            "limits": {
                              "cpu": "1000m",
                              "memory": "512Mi"
                            },
                            "requests": {}
                          }
                        ],
                        "startup_probe": [
                          {
                            "failure_threshold": 1,
                            "grpc": [],
                            "http_get": [],
                            "initial_delay_seconds": 0,
                            "period_seconds": 240,
                            "tcp_socket": [
                              {
                                "port": 8080
                              }
                            ],
                            "timeout_seconds": 240
                          }
                        ],
                        "volume_mounts": [],
                        "working_dir": ""
                      }
                    ],
                    "service_account_name": "480466975-compute@developer.gserviceaccount.com",
                    "serving_state": "",
                    "timeout_seconds": 300,
                    "volumes": []
                  }
                ]
              }
            ],
            "timeouts": null,
            "traffic": [
              {
                "latest_revision": true,
                "percent": 100,
                "revision_name": "",
                "tag": "",
                "url": ""
              }
            ]
          },
          "sensitive_attributes": [
            [
              {
                "type": "get_attr",
                "value": "template"
              },
              {
                "type": "index",
                "value": {
                  "value": 0,
                  "type": "number"
                }
              },
              {
                "type": "get_attr",
                "value": "spec"
              },
              {
                "type": "index",
                "value": {
                  "value": 0,
                  "type": "number"
                }
              },
              {
                "type": "get_attr",
                "value": "containers"
              },
              {
                "type": "index",
                "value": {
                  "value": 0,
                  "type": "number"
                }
              },
              {
                "type": "get_attr",
                "value": "env"
              }
            ]
          ],
          "private": "eyJlMmJmYjczMC1lY2FhLTExZTYtOGY4OC0zNDM2M2JjN2M0YzAiOnsiY3JlYXRlIjoxMjAwMDAwMDAwMDAwLCJkZWxldGUiOjEyMDAwMDAwMDAwMDAsInVwZGF0ZSI6MTIwMDAwMDAwMDAwMH0sInNjaGVtYV92ZXJzaW9uIjoiMSJ9",
          "dependencies": [
            "google_sql_database_instance.postgres_instance",
            "google_sql_user.postgres_user"
          ]
        }
      ]
    },
    {
      "mode": "managed",
      "type": "google_cloud_run_service_iam_member",
      "name": "public_invoker",
      "provider": "provider[\"registry.terraform.io/hashicorp/google\"]",
      "instances": [
        {
          "schema_version": 0,
          "attributes": {
            "condition": [],
            "etag": "BwYrlZkTaBs=",
            "id": "v1/projects/deft-stratum-447710-h0/locations/us-central1/services/my-cloud-run-service/roles/run.invoker/allUsers",
            "location": "us-central1",
            "member": "allUsers",
            "project": "deft-stratum-447710-h0",
            "role": "roles/run.invoker",
            "service": "v1/projects/deft-stratum-447710-h0/locations/us-central1/services/my-cloud-run-service"
          },
          "sensitive_attributes": [],
          "private": "bnVsbA==",
          "dependencies": [
            "google_cloud_run_service.my_service",
            "google_sql_database_instance.postgres_instance",
            "google_sql_user.postgres_user"
          ]
        }
      ]
    },
    {
      "mode": "managed",
      "type": "google_compute_backend_service",
      "name": "cloud_run_backend",
      "provider": "provider[\"registry.terraform.io/hashicorp/google\"]",
      "instances": [
        {
          "schema_version": 1,
          "attributes": {
            "affinity_cookie_ttl_sec": 0,
            "backend": [
              {
                "balancing_mode": "UTILIZATION",
                "capacity_scaler": 1,
                "description": "",
                "group": "https://www.googleapis.com/compute/v1/projects/deft-stratum-447710-h0/regions/us-central1/networkEndpointGroups/cloud-run-neg",
                "max_connections": 0,
                "max_connections_per_endpoint": 0,
                "max_connections_per_instance": 0,
                "max_rate": 0,
                "max_rate_per_endpoint": 0,
                "max_rate_per_instance": 0,
                "max_utilization": 0
              }
            ],
            "cdn_policy": [],
            "circuit_breakers": [],
            "compression_mode": "",
            "connection_draining_timeout_sec": 300,
            "consistent_hash": [],
            "creation_timestamp": "2025-01-13T04:29:42.300-08:00",
            "custom_request_headers": null,
            "custom_response_headers": null,
            "description": "",
            "edge_security_policy": "",
            "enable_cdn": false,
            "fingerprint": "pdKZmsTw8wE=",
            "generated_id": 344702133979363801,
            "health_checks": null,
            "iap": [],
            "id": "projects/deft-stratum-447710-h0/global/backendServices/cloud-run-backend",
            "load_balancing_scheme": "EXTERNAL",
            "locality_lb_policies": [],
            "locality_lb_policy": "",
            "log_config": [],
            "name": "cloud-run-backend",
            "outlier_detection": [],
            "port_name": "http",
            "project": "deft-stratum-447710-h0",
            "protocol": "HTTP",
            "security_policy": "",
            "security_settings": [],
            "self_link": "https://www.googleapis.com/compute/v1/projects/deft-stratum-447710-h0/global/backendServices/cloud-run-backend",
            "session_affinity": "NONE",
            "timeout_sec": 30,
            "timeouts": null
          },
          "sensitive_attributes": [],
          "private": "eyJlMmJmYjczMC1lY2FhLTExZTYtOGY4OC0zNDM2M2JjN2M0YzAiOnsiY3JlYXRlIjoxMjAwMDAwMDAwMDAwLCJkZWxldGUiOjEyMDAwMDAwMDAwMDAsInVwZGF0ZSI6MTIwMDAwMDAwMDAwMH0sInNjaGVtYV92ZXJzaW9uIjoiMSJ9",
          "dependencies": [
            "google_cloud_run_service.my_service",
            "google_compute_region_network_endpoint_group.cloud_run_neg",
            "google_sql_database_instance.postgres_instance",
            "google_sql_user.postgres_user"
          ]
        }
      ]
    },
    {
      "mode": "managed",
      "type": "google_compute_global_forwarding_rule",
      "name": "cloud_run_forwarding_rule",
      "provider": "provider[\"registry.terraform.io/hashicorp/google\"]",
      "instances": [
        {
          "schema_version": 0,
          "attributes": {
            "base_forwarding_rule": "",
            "description": "",
            "id": "projects/deft-stratum-447710-h0/global/forwardingRules/cloud-run-forwarding-rule",
            "ip_address": "34.49.10.154",
            "ip_protocol": "TCP",
            "ip_version": "",
            "label_fingerprint": "42WmSpB8rSM=",
            "labels": null,
            "load_balancing_scheme": "EXTERNAL",
            "metadata_filters": [],
            "name": "cloud-run-forwarding-rule",
            "network": "",
            "no_automate_dns_zone": null,
            "port_range": "80-80",
            "project": "deft-stratum-447710-h0",
            "psc_connection_id": "",
            "psc_connection_status": "",
            "self_link": "https://www.googleapis.com/compute/v1/projects/deft-stratum-447710-h0/global/forwardingRules/cloud-run-forwarding-rule",
            "source_ip_ranges": null,
            "subnetwork": "",
            "target": "https://www.googleapis.com/compute/v1/projects/deft-stratum-447710-h0/global/targetHttpProxies/cloud-run-http-proxy",
            "timeouts": null
          },
          "sensitive_attributes": [],
          "private": "eyJlMmJmYjczMC1lY2FhLTExZTYtOGY4OC0zNDM2M2JjN2M0YzAiOnsiY3JlYXRlIjoxMjAwMDAwMDAwMDAwLCJkZWxldGUiOjEyMDAwMDAwMDAwMDAsInVwZGF0ZSI6MTIwMDAwMDAwMDAwMH19",
          "dependencies": [
            "google_cloud_run_service.my_service",
            "google_compute_backend_service.cloud_run_backend",
            "google_compute_region_network_endpoint_group.cloud_run_neg",
            "google_compute_target_http_proxy.cloud_run_http_proxy",
            "google_compute_url_map.cloud_run_url_map",
            "google_sql_database_instance.postgres_instance",
            "google_sql_user.postgres_user"
          ]
        }
      ]
    },
    {
      "mode": "managed",
      "type": "google_compute_region_network_endpoint_group",
      "name": "cloud_run_neg",
      "provider": "provider[\"registry.terraform.io/hashicorp/google\"]",
      "instances": [
        {
          "schema_version": 0,
          "attributes": {
            "app_engine": [],
            "cloud_function": [],
            "cloud_run": [
              {
                "service": "my-cloud-run-service",
                "tag": "",
                "url_mask": ""
              }
            ],
            "description": "",
            "id": "projects/deft-stratum-447710-h0/regions/us-central1/networkEndpointGroups/cloud-run-neg",
            "name": "cloud-run-neg",
            "network": "",
            "network_endpoint_type": "SERVERLESS",
            "project": "deft-stratum-447710-h0",
            "psc_target_service": "",
            "region": "https://www.googleapis.com/compute/v1/projects/deft-stratum-447710-h0/regions/us-central1",
            "self_link": "https://www.googleapis.com/compute/v1/projects/deft-stratum-447710-h0/regions/us-central1/networkEndpointGroups/cloud-run-neg",
            "subnetwork": "",
            "timeouts": null
          },
          "sensitive_attributes": [],
          "private": "eyJlMmJmYjczMC1lY2FhLTExZTYtOGY4OC0zNDM2M2JjN2M0YzAiOnsiY3JlYXRlIjoxMjAwMDAwMDAwMDAwLCJkZWxldGUiOjEyMDAwMDAwMDAwMDB9fQ==",
          "dependencies": [
            "google_cloud_run_service.my_service",
            "google_sql_database_instance.postgres_instance",
            "google_sql_user.postgres_user"
          ]
        }
      ]
    },
    {
      "mode": "managed",
      "type": "google_compute_target_http_proxy",
      "name": "cloud_run_http_proxy",
      "provider": "provider[\"registry.terraform.io/hashicorp/google\"]",
      "instances": [
        {
          "schema_version": 0,
          "attributes": {
            "creation_timestamp": "2025-01-13T04:30:16.583-08:00",
            "description": "",
            "http_keep_alive_timeout_sec": 0,
            "id": "projects/deft-stratum-447710-h0/global/targetHttpProxies/cloud-run-http-proxy",
            "name": "cloud-run-http-proxy",
            "project": "deft-stratum-447710-h0",
            "proxy_bind": false,
            "proxy_id": 977117097444817335,
            "self_link": "https://www.googleapis.com/compute/v1/projects/deft-stratum-447710-h0/global/targetHttpProxies/cloud-run-http-proxy",
            "timeouts": null,
            "url_map": "https://www.googleapis.com/compute/v1/projects/deft-stratum-447710-h0/global/urlMaps/cloud-run-url-map"
          },
          "sensitive_attributes": [],
          "private": "eyJlMmJmYjczMC1lY2FhLTExZTYtOGY4OC0zNDM2M2JjN2M0YzAiOnsiY3JlYXRlIjoxMjAwMDAwMDAwMDAwLCJkZWxldGUiOjEyMDAwMDAwMDAwMDAsInVwZGF0ZSI6MTIwMDAwMDAwMDAwMH19",
          "dependencies": [
            "google_cloud_run_service.my_service",
            "google_compute_backend_service.cloud_run_backend",
            "google_compute_region_network_endpoint_group.cloud_run_neg",
            "google_compute_url_map.cloud_run_url_map",
            "google_sql_database_instance.postgres_instance",
            "google_sql_user.postgres_user"
          ]
        }
      ]
    },
    {
      "mode": "managed",
      "type": "google_compute_url_map",
      "name": "cloud_run_url_map",
      "provider": "provider[\"registry.terraform.io/hashicorp/google\"]",
      "instances": [
        {
          "schema_version": 0,
          "attributes": {
            "creation_timestamp": "2025-01-13T04:30:04.489-08:00",
            "default_route_action": [],
            "default_service": "https://www.googleapis.com/compute/v1/projects/deft-stratum-447710-h0/global/backendServices/cloud-run-backend",
            "default_url_redirect": [],
            "description": "",
            "fingerprint": "dBrB_01Fmk4=",
            "header_action": [],
            "host_rule": [],
            "id": "projects/deft-stratum-447710-h0/global/urlMaps/cloud-run-url-map",
            "map_id": 2899491085575829923,
            "name": "cloud-run-url-map",
            "path_matcher": [],
            "project": "deft-stratum-447710-h0",
            "self_link": "https://www.googleapis.com/compute/v1/projects/deft-stratum-447710-h0/global/urlMaps/cloud-run-url-map",
            "test": [],
            "timeouts": null
          },
          "sensitive_attributes": [],
          "private": "eyJlMmJmYjczMC1lY2FhLTExZTYtOGY4OC0zNDM2M2JjN2M0YzAiOnsiY3JlYXRlIjoxMjAwMDAwMDAwMDAwLCJkZWxldGUiOjEyMDAwMDAwMDAwMDAsInVwZGF0ZSI6MTIwMDAwMDAwMDAwMH19",
          "dependencies": [
            "google_cloud_run_service.my_service",
            "google_compute_backend_service.cloud_run_backend",
            "google_compute_region_network_endpoint_group.cloud_run_neg",
            "google_sql_database_instance.postgres_instance",
            "google_sql_user.postgres_user"
          ]
        }
      ]
    },
    {
      "mode": "managed",
      "type": "google_sql_database",
      "name": "my_database",
      "provider": "provider[\"registry.terraform.io/hashicorp/google\"]",
      "instances": [
        {
          "schema_version": 0,
          "attributes": {
            "charset": "UTF8",
            "collation": "en_US.UTF8",
            "deletion_policy": "DELETE",
            "id": "projects/deft-stratum-447710-h0/instances/my-postgres-db/databases/mydb",
            "instance": "my-postgres-db",
            "name": "mydb",
            "project": "deft-stratum-447710-h0",
            "self_link": "https://sqladmin.googleapis.com/sql/v1beta4/projects/deft-stratum-447710-h0/instances/my-postgres-db/databases/mydb",
            "timeouts": null
          },
          "sensitive_attributes": [],
          "private": "eyJlMmJmYjczMC1lY2FhLTExZTYtOGY4OC0zNDM2M2JjN2M0YzAiOnsiY3JlYXRlIjoxMjAwMDAwMDAwMDAwLCJkZWxldGUiOjEyMDAwMDAwMDAwMDAsInVwZGF0ZSI6MTIwMDAwMDAwMDAwMH19",
          "dependencies": [
            "google_sql_database_instance.postgres_instance"
          ]
        }
      ]
    },
    {
      "mode": "managed",
      "type": "google_sql_database_instance",
      "name": "postgres_instance",
      "provider": "provider[\"registry.terraform.io/hashicorp/google\"]",
      "instances": [
        {
          "schema_version": 0,
          "attributes": {
            "available_maintenance_versions": [],
            "clone": [],
            "connection_name": "deft-stratum-447710-h0:us-central1:my-postgres-db",
            "database_version": "POSTGRES_14",
            "deletion_protection": false,
            "dns_name": "",
            "encryption_key_name": null,
            "first_ip_address": "34.66.102.99",
            "id": "my-postgres-db",
            "instance_type": "CLOUD_SQL_INSTANCE",
            "ip_address": [
              {
                "ip_address": "34.66.102.99",
                "time_to_retire": "",
                "type": "PRIMARY"
              },
              {
                "ip_address": "104.154.244.37",
                "time_to_retire": "",
                "type": "OUTGOING"
              }
            ],
            "maintenance_version": "POSTGRES_14_15.R20240910.01_31",
            "master_instance_name": "",
            "name": "my-postgres-db",
            "private_ip_address": "",
            "project": "deft-stratum-447710-h0",
            "psc_service_attachment_link": "",
            "public_ip_address": "34.66.102.99",
            "region": "us-central1",
            "replica_configuration": [],
            "restore_backup_context": [],
            "root_password": null,
            "self_link": "https://sqladmin.googleapis.com/sql/v1beta4/projects/deft-stratum-447710-h0/instances/my-postgres-db",
            "server_ca_cert": [
              {
                "cert": "-----BEGIN CERTIFICATE-----\nMIIDfzCCAmegAwIBAgIBADANBgkqhkiG9w0BAQsFADB3MS0wKwYDVQQuEyQzNjQ1\nNzEzNS1kZWNhLTQ5YjctOTU3Ni02ZWJmZDkzNDYxMmIxIzAhBgNVBAMTGkdvb2ds\nZSBDbG91ZCBTUUwgU2VydmVyIENBMRQwEgYDVQQKEwtHb29nbGUsIEluYzELMAkG\nA1UEBhMCVVMwHhcNMjUwMTEzMTIwOTEwWhcNMzUwMTExMTIxMDEwWjB3MS0wKwYD\nVQQuEyQzNjQ1NzEzNS1kZWNhLTQ5YjctOTU3Ni02ZWJmZDkzNDYxMmIxIzAhBgNV\nBAMTGkdvb2dsZSBDbG91ZCBTUUwgU2VydmVyIENBMRQwEgYDVQQKEwtHb29nbGUs\nIEluYzELMAkGA1UEBhMCVVMwggEiMA0GCSqGSIb3DQEBAQUAA4IBDwAwggEKAoIB\nAQCs6Fuj++NZ6slIX373umbO7ZSY7tMAPGjDuUUe2KEyFB1mjmveeLjvvKppuax7\n67Z+kJGHGhoc3Y5jcc9GKiZOZG0S2qYTtnVHf6HeoCy3MZ1EphX/InqctH0RnmEd\nqHN9uullNDgBuQLVT6yfhEsR0bT7mxLs+35skM8kgvjxe74p4WORvDI8IDOv01UK\n76jtNfMvQrQV/xc0Abw6eeeSgMGiZvya+bB0PwNUWfg5IhqGANfT6i6S8D1mEKtV\ndbNoKqJemPZELrlrgAtV37ObQW89xyxTSkN+MHn/PyPCLdHqUrA4mMhhNiEpVjiz\ni8Axdl6/nqcoqoLoN6UUJUO/AgMBAAGjFjAUMBIGA1UdEwEB/wQIMAYBAf8CAQAw\nDQYJKoZIhvcNAQELBQADggEBAKEzATWc3uxCjWyi0Yg2k13jurn7k5cO+fvPs174\nAe8ptImPYZCYrHMoboLAeXzrsK4oeRoLFJ1WdW3MRKd8OvDpQxBpC2+8rg2VlbpH\nej0dP9uC36vxDoxMltRpAR6OwDMCK/oqx88TU+jvneiOtalVXNJ72icA/oAUqs26\nfdu61jwowk3t8+BohrhivBGmoujRFSKbEDuMxZsUStXB3/29F7FwBFE3w5WleJ41\nSdfWhLAw9289ICWdC+SLLfHTxzxTiFCKnHJt9nWsgTE1Rged0aDW/Ii1HuFuNRus\nPDeO5qLNGLaVyGJbiWed0UD4zfWwIcgVipo7GUqEFIrTftM=\n-----END CERTIFICATE-----",
                "common_name": "C=US,O=Google\\, Inc,CN=Google Cloud SQL Server CA,dnQualifier=36457135-deca-49b7-9576-6ebfd934612b",
                "create_time": "2025-01-13T12:09:10.668Z",
                "expiration_time": "2035-01-11T12:10:10.668Z",
                "sha1_fingerprint": "b03f26801a271fef9f985d3a887a164bb2ef133e"
              }
            ],
            "service_account_email_address": "p480466975-7o2wjr@gcp-sa-cloud-sql.iam.gserviceaccount.com",
            "settings": [
              {
                "activation_policy": "ALWAYS",
                "active_directory_config": [],
                "advanced_machine_features": [],
                "availability_type": "ZONAL",
                "backup_configuration": [
                  {
                    "backup_retention_settings": [
                      {
                        "retained_backups": 7,
                        "retention_unit": "COUNT"
                      }
                    ],
                    "binary_log_enabled": false,
                    "enabled": false,
                    "location": "",
                    "point_in_time_recovery_enabled": false,
                    "start_time": "07:00",
                    "transaction_log_retention_days": 7
                  }
                ],
                "collation": "",
                "connector_enforcement": "NOT_REQUIRED",
                "data_cache_config": [],
                "database_flags": [],
                "deletion_protection_enabled": false,
                "deny_maintenance_period": [],
                "disk_autoresize": true,
                "disk_autoresize_limit": 0,
                "disk_size": 10,
                "disk_type": "PD_SSD",
                "edition": "",
                "insights_config": [],
                "ip_configuration": [
                  {
                    "allocated_ip_range": "",
                    "authorized_networks": [],
                    "enable_private_path_for_google_cloud_services": false,
                    "ipv4_enabled": true,
                    "private_network": "",
                    "psc_config": [],
                    "require_ssl": false
                  }
                ],
                "location_preference": [
                  {
                    "follow_gae_application": "",
                    "secondary_zone": "",
                    "zone": "us-central1-c"
                  }
                ],
                "maintenance_window": [],
                "password_validation_policy": [],
                "pricing_plan": "PER_USE",
                "sql_server_audit_config": [],
                "tier": "db-f1-micro",
                "time_zone": "",
                "user_labels": {},
                "version": 1
              }
            ],
            "timeouts": null
          },
          "sensitive_attributes": [],
          "private": "eyJlMmJmYjczMC1lY2FhLTExZTYtOGY4OC0zNDM2M2JjN2M0YzAiOnsiY3JlYXRlIjoyNDAwMDAwMDAwMDAwLCJkZWxldGUiOjE4MDAwMDAwMDAwMDAsInVwZGF0ZSI6MTgwMDAwMDAwMDAwMH19"
        }
      ]
    },
    {
      "mode": "managed",
      "type": "google_sql_user",
      "name": "postgres_user",
      "provider": "provider[\"registry.terraform.io/hashicorp/google\"]",
      "instances": [
        {
          "schema_version": 1,
          "attributes": {
            "deletion_policy": null,
            "host": "",
            "id": "postgres//my-postgres-db",
            "instance": "my-postgres-db",
            "name": "postgres",
            "password": "mypassword",
            "password_policy": [],
            "project": "deft-stratum-447710-h0",
            "sql_server_user_details": [],
            "timeouts": null,
            "type": ""
          },
          "sensitive_attributes": [
            [
              {
                "type": "get_attr",
                "value": "password"
              }
            ]
          ],
          "private": "eyJlMmJmYjczMC1lY2FhLTExZTYtOGY4OC0zNDM2M2JjN2M0YzAiOnsiY3JlYXRlIjo2MDAwMDAwMDAwMDAsImRlbGV0ZSI6NjAwMDAwMDAwMDAwLCJ1cGRhdGUiOjYwMDAwMDAwMDAwMH0sInNjaGVtYV92ZXJzaW9uIjoiMSJ9",
          "dependencies": [
            "google_sql_database_instance.postgres_instance"
          ]
        }
      ]
    }
  ],
  "check_results": null
}
